
Microsoft Visual Studio Solution File, Format Version 12.00
# Visual Studio Version 17
VisualStudioVersion = 17.10.34916.146
MinimumVisualStudioVersion = 10.0.40219.1
Project("{FAE04EC0-301F-11D3-BF4B-00C04F79EFBC}") = "Record and static homework", "Record and static homework\Record and static homework.csproj", "{997F75BF-266D-441E-BED1-7694330F0DB1}"
EndProject
Global
	GlobalSection(SolutionConfigurationPlatforms) = preSolution
		Debug|Any CPU = Debug|Any CPU
		Release|Any CPU = Release|Any CPU
	EndGlobalSection
	GlobalSection(ProjectConfigurationPlatforms) = postSolution
		{997F75BF-266D-441E-BED1-7694330F0DB1}.Debug|Any CPU.ActiveCfg = Debug|Any CPU
		{997F75BF-266D-441E-BED1-7694330F0DB1}.Debug|Any CPU.Build.0 = Debug|Any CPU
		{997F75BF-266D-441E-BED1-7694330F0DB1}.Release|Any CPU.ActiveCfg = Release|Any CPU
		{997F75BF-266D-441E-BED1-7694330F0DB1}.Release|Any CPU.Build.0 = Release|Any CPU
	EndGlobalSection
	GlobalSection(SolutionProperties) = preSolution
		HideSolutionNode = FALSE
	EndGlobalSection
	GlobalSection(ExtensibilityGlobals) = postSolution
		SolutionGuid = {AF800E51-9E26-4BB2-B964-89CEFB788812}
	EndGlobalSection
EndGlobal
